
Microsoft Visual Studio Solution File, Format Version 12.00
# Visual Studio Version 17
VisualStudioVersion = 17.3.32811.315
MinimumVisualStudioVersion = 10.0.40219.1
Project("{888888A0-9F3D-457C-B088-3A5042F75D52}") = "MST -Prim", "MST -Prim\MST -Prim.pyproj", "{1338FD72-AA1E-4D62-A250-E6B539742DEA}"
EndProject
Global
	GlobalSection(SolutionConfigurationPlatforms) = preSolution
		Debug|Any CPU = Debug|Any CPU
		Release|Any CPU = Release|Any CPU
	EndGlobalSection
	GlobalSection(ProjectConfigurationPlatforms) = postSolution
		{1338FD72-AA1E-4D62-A250-E6B539742DEA}.Debug|Any CPU.ActiveCfg = Debug|Any CPU
		{1338FD72-AA1E-4D62-A250-E6B539742DEA}.Release|Any CPU.ActiveCfg = Release|Any CPU
	EndGlobalSection
	GlobalSection(SolutionProperties) = preSolution
		HideSolutionNode = FALSE
	EndGlobalSection
	GlobalSection(ExtensibilityGlobals) = postSolution
		SolutionGuid = {F6F22025-8FF5-432F-9C12-22455FF5696E}
	EndGlobalSection
EndGlobal
