
Microsoft Visual Studio Solution File, Format Version 12.00
# Visual Studio Version 17
VisualStudioVersion = 17.3.32811.315
MinimumVisualStudioVersion = 10.0.40219.1
Project("{888888A0-9F3D-457C-B088-3A5042F75D52}") = "Djikstra", "Djikstra\Djikstra.pyproj", "{BB6BBB4D-49F3-4047-92D4-229318B0862D}"
EndProject
Global
	GlobalSection(SolutionConfigurationPlatforms) = preSolution
		Debug|Any CPU = Debug|Any CPU
		Release|Any CPU = Release|Any CPU
	EndGlobalSection
	GlobalSection(ProjectConfigurationPlatforms) = postSolution
		{BB6BBB4D-49F3-4047-92D4-229318B0862D}.Debug|Any CPU.ActiveCfg = Debug|Any CPU
		{BB6BBB4D-49F3-4047-92D4-229318B0862D}.Release|Any CPU.ActiveCfg = Release|Any CPU
	EndGlobalSection
	GlobalSection(SolutionProperties) = preSolution
		HideSolutionNode = FALSE
	EndGlobalSection
	GlobalSection(ExtensibilityGlobals) = postSolution
		SolutionGuid = {92FDCC6E-B58D-40C9-BC5D-13C674EE7521}
	EndGlobalSection
EndGlobal
