
Microsoft Visual Studio Solution File, Format Version 12.00
# Visual Studio Version 17
VisualStudioVersion = 17.3.32929.385
MinimumVisualStudioVersion = 10.0.40219.1
Project("{888888A0-9F3D-457C-B088-3A5042F75D52}") = "Partition k-ta pozycja", "Partition k-ta pozycja\Partition k-ta pozycja.pyproj", "{6703F680-2313-4BF6-BD6A-B431713BC22F}"
EndProject
Global
	GlobalSection(SolutionConfigurationPlatforms) = preSolution
		Debug|Any CPU = Debug|Any CPU
		Release|Any CPU = Release|Any CPU
	EndGlobalSection
	GlobalSection(ProjectConfigurationPlatforms) = postSolution
		{6703F680-2313-4BF6-BD6A-B431713BC22F}.Debug|Any CPU.ActiveCfg = Debug|Any CPU
		{6703F680-2313-4BF6-BD6A-B431713BC22F}.Release|Any CPU.ActiveCfg = Release|Any CPU
	EndGlobalSection
	GlobalSection(SolutionProperties) = preSolution
		HideSolutionNode = FALSE
	EndGlobalSection
	GlobalSection(ExtensibilityGlobals) = postSolution
		SolutionGuid = {12E31B1B-DF71-44E3-9041-D1F352E83EC9}
	EndGlobalSection
EndGlobal
