
Microsoft Visual Studio Solution File, Format Version 12.00
# Visual Studio Version 17
VisualStudioVersion = 17.3.32811.315
MinimumVisualStudioVersion = 10.0.40219.1
Project("{888888A0-9F3D-457C-B088-3A5042F75D52}") = "Cykl Eulera", "Cykl Eulera\Cykl Eulera.pyproj", "{EE715293-6D41-49EC-B4EF-D8D74C09F954}"
EndProject
Global
	GlobalSection(SolutionConfigurationPlatforms) = preSolution
		Debug|Any CPU = Debug|Any CPU
		Release|Any CPU = Release|Any CPU
	EndGlobalSection
	GlobalSection(ProjectConfigurationPlatforms) = postSolution
		{EE715293-6D41-49EC-B4EF-D8D74C09F954}.Debug|Any CPU.ActiveCfg = Debug|Any CPU
		{EE715293-6D41-49EC-B4EF-D8D74C09F954}.Release|Any CPU.ActiveCfg = Release|Any CPU
	EndGlobalSection
	GlobalSection(SolutionProperties) = preSolution
		HideSolutionNode = FALSE
	EndGlobalSection
	GlobalSection(ExtensibilityGlobals) = postSolution
		SolutionGuid = {65E1E609-B0E5-42ED-8C8D-BD460D44F491}
	EndGlobalSection
EndGlobal
