
Microsoft Visual Studio Solution File, Format Version 12.00
# Visual Studio Version 17
VisualStudioVersion = 17.3.32811.315
MinimumVisualStudioVersion = 10.0.40219.1
Project("{888888A0-9F3D-457C-B088-3A5042F75D52}") = "MST-Kruskal", "MST-Kruskal\MST-Kruskal.pyproj", "{8B548152-DE97-4EA9-B4D8-461D7E1C05DC}"
EndProject
Global
	GlobalSection(SolutionConfigurationPlatforms) = preSolution
		Debug|Any CPU = Debug|Any CPU
		Release|Any CPU = Release|Any CPU
	EndGlobalSection
	GlobalSection(ProjectConfigurationPlatforms) = postSolution
		{8B548152-DE97-4EA9-B4D8-461D7E1C05DC}.Debug|Any CPU.ActiveCfg = Debug|Any CPU
		{8B548152-DE97-4EA9-B4D8-461D7E1C05DC}.Release|Any CPU.ActiveCfg = Release|Any CPU
	EndGlobalSection
	GlobalSection(SolutionProperties) = preSolution
		HideSolutionNode = FALSE
	EndGlobalSection
	GlobalSection(ExtensibilityGlobals) = postSolution
		SolutionGuid = {1C39966B-508B-4BBE-9A48-1C5CF0E8F58E}
	EndGlobalSection
EndGlobal
