
Microsoft Visual Studio Solution File, Format Version 12.00
# Visual Studio Version 17
VisualStudioVersion = 17.3.32929.385
MinimumVisualStudioVersion = 10.0.40219.1
Project("{888888A0-9F3D-457C-B088-3A5042F75D52}") = "Średnica w grafie", "Średnica w grafie\Średnica w grafie.pyproj", "{C51CB3A3-4882-4495-8C9A-00E1754C836C}"
EndProject
Global
	GlobalSection(SolutionConfigurationPlatforms) = preSolution
		Debug|Any CPU = Debug|Any CPU
		Release|Any CPU = Release|Any CPU
	EndGlobalSection
	GlobalSection(ProjectConfigurationPlatforms) = postSolution
		{C51CB3A3-4882-4495-8C9A-00E1754C836C}.Debug|Any CPU.ActiveCfg = Debug|Any CPU
		{C51CB3A3-4882-4495-8C9A-00E1754C836C}.Release|Any CPU.ActiveCfg = Release|Any CPU
	EndGlobalSection
	GlobalSection(SolutionProperties) = preSolution
		HideSolutionNode = FALSE
	EndGlobalSection
	GlobalSection(ExtensibilityGlobals) = postSolution
		SolutionGuid = {265E83DE-9BCF-4FC3-8414-E2944854B247}
	EndGlobalSection
EndGlobal
