
Microsoft Visual Studio Solution File, Format Version 12.00
# Visual Studio Version 17
VisualStudioVersion = 17.3.32811.315
MinimumVisualStudioVersion = 10.0.40219.1
Project("{888888A0-9F3D-457C-B088-3A5042F75D52}") = "Heapsort", "Heapsort\Heapsort.pyproj", "{47054529-2610-4AB6-9D7C-1CC40D614AFD}"
EndProject
Global
	GlobalSection(SolutionConfigurationPlatforms) = preSolution
		Debug|Any CPU = Debug|Any CPU
		Release|Any CPU = Release|Any CPU
	EndGlobalSection
	GlobalSection(ProjectConfigurationPlatforms) = postSolution
		{47054529-2610-4AB6-9D7C-1CC40D614AFD}.Debug|Any CPU.ActiveCfg = Debug|Any CPU
		{47054529-2610-4AB6-9D7C-1CC40D614AFD}.Release|Any CPU.ActiveCfg = Release|Any CPU
	EndGlobalSection
	GlobalSection(SolutionProperties) = preSolution
		HideSolutionNode = FALSE
	EndGlobalSection
	GlobalSection(ExtensibilityGlobals) = postSolution
		SolutionGuid = {2127A4C1-F159-47F2-8020-50F79C9EA75F}
	EndGlobalSection
EndGlobal
