
Microsoft Visual Studio Solution File, Format Version 12.00
# Visual Studio Version 17
VisualStudioVersion = 17.3.32929.385
MinimumVisualStudioVersion = 10.0.40219.1
Project("{888888A0-9F3D-457C-B088-3A5042F75D52}") = "Alice and Bobe", "Alice and Bobe\Alice and Bobe.pyproj", "{808EC7F5-1541-4D84-8661-DFF28090E582}"
EndProject
Global
	GlobalSection(SolutionConfigurationPlatforms) = preSolution
		Debug|Any CPU = Debug|Any CPU
		Release|Any CPU = Release|Any CPU
	EndGlobalSection
	GlobalSection(ProjectConfigurationPlatforms) = postSolution
		{808EC7F5-1541-4D84-8661-DFF28090E582}.Debug|Any CPU.ActiveCfg = Debug|Any CPU
		{808EC7F5-1541-4D84-8661-DFF28090E582}.Release|Any CPU.ActiveCfg = Release|Any CPU
	EndGlobalSection
	GlobalSection(SolutionProperties) = preSolution
		HideSolutionNode = FALSE
	EndGlobalSection
	GlobalSection(ExtensibilityGlobals) = postSolution
		SolutionGuid = {A9834243-AEB4-4F03-9471-CAB10954F7FC}
	EndGlobalSection
EndGlobal
